
Microsoft Visual Studio Solution File, Format Version 12.00
# Visual Studio Version 17
VisualStudioVersion = 17.0.31903.59
MinimumVisualStudioVersion = 10.0.40219.1
Project("{FAE04EC0-301F-11D3-BF4B-00C04F79EFBC}") = "Coin.WPF", "Coin.WPF\Coin.WPF.csproj", "{49CCB458-6ABB-420E-91CD-7BB007DF6777}"
EndProject
Project("{FAE04EC0-301F-11D3-BF4B-00C04F79EFBC}") = "Coin.Domain", "Coin.Domain\Coin.Domain.csproj", "{23E4BA02-99B7-4C68-B3F9-ED97274187C8}"
EndProject
Project("{FAE04EC0-301F-11D3-BF4B-00C04F79EFBC}") = "Coin.Web", "Coin.Web\Coin.Web.csproj", "{C4A70203-A606-4AC4-B22E-780FCD91BF2C}"
EndProject
Global
	GlobalSection(SolutionConfigurationPlatforms) = preSolution
		Debug|Any CPU = Debug|Any CPU
		Release|Any CPU = Release|Any CPU
	EndGlobalSection
	GlobalSection(ProjectConfigurationPlatforms) = postSolution
		{49CCB458-6ABB-420E-91CD-7BB007DF6777}.Debug|Any CPU.ActiveCfg = Debug|Any CPU
		{49CCB458-6ABB-420E-91CD-7BB007DF6777}.Debug|Any CPU.Build.0 = Debug|Any CPU
		{49CCB458-6ABB-420E-91CD-7BB007DF6777}.Release|Any CPU.ActiveCfg = Release|Any CPU
		{49CCB458-6ABB-420E-91CD-7BB007DF6777}.Release|Any CPU.Build.0 = Release|Any CPU
		{23E4BA02-99B7-4C68-B3F9-ED97274187C8}.Debug|Any CPU.ActiveCfg = Debug|Any CPU
		{23E4BA02-99B7-4C68-B3F9-ED97274187C8}.Debug|Any CPU.Build.0 = Debug|Any CPU
		{23E4BA02-99B7-4C68-B3F9-ED97274187C8}.Release|Any CPU.ActiveCfg = Release|Any CPU
		{23E4BA02-99B7-4C68-B3F9-ED97274187C8}.Release|Any CPU.Build.0 = Release|Any CPU
		{C4A70203-A606-4AC4-B22E-780FCD91BF2C}.Debug|Any CPU.ActiveCfg = Debug|Any CPU
		{C4A70203-A606-4AC4-B22E-780FCD91BF2C}.Debug|Any CPU.Build.0 = Debug|Any CPU
		{C4A70203-A606-4AC4-B22E-780FCD91BF2C}.Release|Any CPU.ActiveCfg = Release|Any CPU
		{C4A70203-A606-4AC4-B22E-780FCD91BF2C}.Release|Any CPU.Build.0 = Release|Any CPU
	EndGlobalSection
	GlobalSection(SolutionProperties) = preSolution
		HideSolutionNode = FALSE
	EndGlobalSection
	GlobalSection(ExtensibilityGlobals) = postSolution
		SolutionGuid = {2F290880-346E-4F31-9B6B-BDA7841E780C}
	EndGlobalSection
EndGlobal
